
Microsoft Visual Studio Solution File, Format Version 12.00
# Visual Studio 14
VisualStudioVersion = 14.0.24720.0
MinimumVisualStudioVersion = 10.0.40219.1
Project("{FAE04EC0-301F-11D3-BF4B-00C04F79EFBC}") = "QuickASPMVCADDUser2", "QuickASPMVCADDUser2\QuickASPMVCADDUser2.csproj", "{B9F7879B-8273-4F93-B670-C900E57BA2FB}"
EndProject
Project("{FAE04EC0-301F-11D3-BF4B-00C04F79EFBC}") = "QuickASPMVCADDUser2.Tests", "QuickASPMVCADDUser2.Tests\QuickASPMVCADDUser2.Tests.csproj", "{57EC4E8F-846F-4F8E-923F-4811018D44D9}"
EndProject
Global
	GlobalSection(SolutionConfigurationPlatforms) = preSolution
		Debug|Any CPU = Debug|Any CPU
		Release|Any CPU = Release|Any CPU
	EndGlobalSection
	GlobalSection(ProjectConfigurationPlatforms) = postSolution
		{B9F7879B-8273-4F93-B670-C900E57BA2FB}.Debug|Any CPU.ActiveCfg = Debug|Any CPU
		{B9F7879B-8273-4F93-B670-C900E57BA2FB}.Debug|Any CPU.Build.0 = Debug|Any CPU
		{B9F7879B-8273-4F93-B670-C900E57BA2FB}.Release|Any CPU.ActiveCfg = Release|Any CPU
		{B9F7879B-8273-4F93-B670-C900E57BA2FB}.Release|Any CPU.Build.0 = Release|Any CPU
		{57EC4E8F-846F-4F8E-923F-4811018D44D9}.Debug|Any CPU.ActiveCfg = Debug|Any CPU
		{57EC4E8F-846F-4F8E-923F-4811018D44D9}.Debug|Any CPU.Build.0 = Debug|Any CPU
		{57EC4E8F-846F-4F8E-923F-4811018D44D9}.Release|Any CPU.ActiveCfg = Release|Any CPU
		{57EC4E8F-846F-4F8E-923F-4811018D44D9}.Release|Any CPU.Build.0 = Release|Any CPU
	EndGlobalSection
	GlobalSection(SolutionProperties) = preSolution
		HideSolutionNode = FALSE
	EndGlobalSection
EndGlobal
